
Microsoft Visual Studio Solution File, Format Version 12.00
Project("{2150E333-8FDC-42A3-9474-1A3956D46DE8}") = "src", "src", "{E5E85160-4A08-4AE5-A9AD-896256865FDE}"
EndProject
Project("{2150E333-8FDC-42A3-9474-1A3956D46DE8}") = "Backend", "Backend", "{24ED3F29-E876-48D1-A771-4F8EA4244ED2}"
EndProject
Project("{FAE04EC0-301F-11D3-BF4B-00C04F79EFBC}") = "MyRecipeBook.API", "src\Backend\MyRecipeBook.API\MyRecipeBook.API.csproj", "{67FA9AC8-624E-4F42-AD56-1A200150177D}"
EndProject
Project("{2150E333-8FDC-42A3-9474-1A3956D46DE8}") = "Shared", "Shared", "{AA3EC799-4014-4532-A197-0033BB767CC8}"
EndProject
Project("{2150E333-8FDC-42A3-9474-1A3956D46DE8}") = "Tests", "Tests", "{C6A215AB-0F11-421D-8008-3FCE788C5294}"
EndProject
Project("{FAE04EC0-301F-11D3-BF4B-00C04F79EFBC}") = "MyRecipeBook.Application", "src\Backend\MyRecipeBook.Application\MyRecipeBook.Application.csproj", "{7FA975D3-CE65-4912-92FD-D4D932E72788}"
EndProject
Project("{FAE04EC0-301F-11D3-BF4B-00C04F79EFBC}") = "MyRecipeBook.Domain", "src\Backend\MyRecipeBook.Domain\MyRecipeBook.Domain.csproj", "{A03B9A48-3179-4836-8423-6C30719E8FC9}"
EndProject
Project("{FAE04EC0-301F-11D3-BF4B-00C04F79EFBC}") = "MyRecipeBook.Infrastructure", "src\Backend\MyRecipeBook.Infrastructure\MyRecipeBook.Infrastructure.csproj", "{320C0EAE-8A79-4F77-90E9-4E783CBA7FA6}"
EndProject
Project("{FAE04EC0-301F-11D3-BF4B-00C04F79EFBC}") = "MyRecipeBook.Communication", "src\Shared\MyRecipeBook.Communication\MyRecipeBook.Communication.csproj", "{4988EAB5-B1D0-4156-90C2-DBC047FF1096}"
EndProject
Project("{FAE04EC0-301F-11D3-BF4B-00C04F79EFBC}") = "MyRecipeBook.Exceptions", "src\Shared\MyRecipeBook.Exceptions\MyRecipeBook.Exceptions.csproj", "{84469993-7B32-440B-B4E3-2F1769F3EB4B}"
EndProject
Global
	GlobalSection(SolutionConfigurationPlatforms) = preSolution
		Debug|Any CPU = Debug|Any CPU
		Release|Any CPU = Release|Any CPU
	EndGlobalSection
	GlobalSection(NestedProjects) = preSolution
		{24ED3F29-E876-48D1-A771-4F8EA4244ED2} = {E5E85160-4A08-4AE5-A9AD-896256865FDE}
		{67FA9AC8-624E-4F42-AD56-1A200150177D} = {24ED3F29-E876-48D1-A771-4F8EA4244ED2}
		{AA3EC799-4014-4532-A197-0033BB767CC8} = {E5E85160-4A08-4AE5-A9AD-896256865FDE}
		{7FA975D3-CE65-4912-92FD-D4D932E72788} = {24ED3F29-E876-48D1-A771-4F8EA4244ED2}
		{A03B9A48-3179-4836-8423-6C30719E8FC9} = {24ED3F29-E876-48D1-A771-4F8EA4244ED2}
		{320C0EAE-8A79-4F77-90E9-4E783CBA7FA6} = {24ED3F29-E876-48D1-A771-4F8EA4244ED2}
		{4988EAB5-B1D0-4156-90C2-DBC047FF1096} = {AA3EC799-4014-4532-A197-0033BB767CC8}
		{84469993-7B32-440B-B4E3-2F1769F3EB4B} = {AA3EC799-4014-4532-A197-0033BB767CC8}
	EndGlobalSection
	GlobalSection(ProjectConfigurationPlatforms) = postSolution
		{67FA9AC8-624E-4F42-AD56-1A200150177D}.Debug|Any CPU.ActiveCfg = Debug|Any CPU
		{67FA9AC8-624E-4F42-AD56-1A200150177D}.Debug|Any CPU.Build.0 = Debug|Any CPU
		{67FA9AC8-624E-4F42-AD56-1A200150177D}.Release|Any CPU.ActiveCfg = Release|Any CPU
		{67FA9AC8-624E-4F42-AD56-1A200150177D}.Release|Any CPU.Build.0 = Release|Any CPU
		{7FA975D3-CE65-4912-92FD-D4D932E72788}.Debug|Any CPU.ActiveCfg = Debug|Any CPU
		{7FA975D3-CE65-4912-92FD-D4D932E72788}.Debug|Any CPU.Build.0 = Debug|Any CPU
		{7FA975D3-CE65-4912-92FD-D4D932E72788}.Release|Any CPU.ActiveCfg = Release|Any CPU
		{7FA975D3-CE65-4912-92FD-D4D932E72788}.Release|Any CPU.Build.0 = Release|Any CPU
		{A03B9A48-3179-4836-8423-6C30719E8FC9}.Debug|Any CPU.ActiveCfg = Debug|Any CPU
		{A03B9A48-3179-4836-8423-6C30719E8FC9}.Debug|Any CPU.Build.0 = Debug|Any CPU
		{A03B9A48-3179-4836-8423-6C30719E8FC9}.Release|Any CPU.ActiveCfg = Release|Any CPU
		{A03B9A48-3179-4836-8423-6C30719E8FC9}.Release|Any CPU.Build.0 = Release|Any CPU
		{320C0EAE-8A79-4F77-90E9-4E783CBA7FA6}.Debug|Any CPU.ActiveCfg = Debug|Any CPU
		{320C0EAE-8A79-4F77-90E9-4E783CBA7FA6}.Debug|Any CPU.Build.0 = Debug|Any CPU
		{320C0EAE-8A79-4F77-90E9-4E783CBA7FA6}.Release|Any CPU.ActiveCfg = Release|Any CPU
		{320C0EAE-8A79-4F77-90E9-4E783CBA7FA6}.Release|Any CPU.Build.0 = Release|Any CPU
		{4988EAB5-B1D0-4156-90C2-DBC047FF1096}.Debug|Any CPU.ActiveCfg = Debug|Any CPU
		{4988EAB5-B1D0-4156-90C2-DBC047FF1096}.Debug|Any CPU.Build.0 = Debug|Any CPU
		{4988EAB5-B1D0-4156-90C2-DBC047FF1096}.Release|Any CPU.ActiveCfg = Release|Any CPU
		{4988EAB5-B1D0-4156-90C2-DBC047FF1096}.Release|Any CPU.Build.0 = Release|Any CPU
		{84469993-7B32-440B-B4E3-2F1769F3EB4B}.Debug|Any CPU.ActiveCfg = Debug|Any CPU
		{84469993-7B32-440B-B4E3-2F1769F3EB4B}.Debug|Any CPU.Build.0 = Debug|Any CPU
		{84469993-7B32-440B-B4E3-2F1769F3EB4B}.Release|Any CPU.ActiveCfg = Release|Any CPU
		{84469993-7B32-440B-B4E3-2F1769F3EB4B}.Release|Any CPU.Build.0 = Release|Any CPU
	EndGlobalSection
EndGlobal
